<?xml version="1.0" encoding="utf-8"?>
<Project ToolsVersion="4.0" xmlns="http://schemas.microsoft.com/developer/msbuild/2003">
  <ItemGroup>
    <Filter Include="Source Files">
      <UniqueIdentifier>{4FC737F1-C7A5-4376-A066-2A32D752A2FF}</UniqueIdentifier>
      <Extensions>cpp;cxx;c;def</Extensions>
    </Filter>
    <Filter Include="Header Files">
      <UniqueIdentifier>{93995380-89BD-4b04-88EB-625FBE52EBFB}</UniqueIdentifier>
      <Extensions>h</Extensions>
    </Filter>
    <Filter Include="Form Files">
      <UniqueIdentifier>{99349809-55BA-4b9d-BF79-8FDBB0286EB3}</UniqueIdentifier>
      <Extensions>ui</Extensions>
    </Filter>
    <Filter Include="Resource Files">
      <UniqueIdentifier>{D9D6E242-F8AF-46E4-B9FD-80ECBC20BA3E}</UniqueIdentifier>
      <Extensions>qrc;*</Extensions>
      <ParseFiles>false</ParseFiles>
    </Filter>
    <Filter Include="Generated Files">
      <UniqueIdentifier>{71ED8ED8-ACB9-4CE9-BBE1-E00B30144E11}</UniqueIdentifier>
      <Extensions>moc;h;cpp</Extensions>
      <SourceControlFiles>False</SourceControlFiles>
    </Filter>
    <Filter Include="Generated Files\Debug">
      <UniqueIdentifier>{7ddc7933-c7b1-4830-bcd8-0f936e4e3a60}</UniqueIdentifier>
      <Extensions>cpp;moc</Extensions>
      <SourceControlFiles>False</SourceControlFiles>
    </Filter>
    <Filter Include="Generated Files\Release">
      <UniqueIdentifier>{e033a3f1-f37b-4836-9406-201bb8dcf8ff}</UniqueIdentifier>
      <Extensions>cpp;moc</Extensions>
      <SourceControlFiles>False</SourceControlFiles>
    </Filter>
  </ItemGroup>
  <ItemGroup>
    <ClCompile Include="main.cpp">
      <Filter>Source Files</Filter>
    </ClCompile>
    <ClCompile Include="SprueKitEditor.cpp">
      <Filter>Source Files</Filter>
    </ClCompile>
    <ClCompile Include="GeneratedFiles\Release\moc_SprueKitEditor.cpp">
      <Filter>Generated Files\Release</Filter>
    </ClCompile>
    <ClCompile Include="Panels\SceneTreePanel.cpp">
      <Filter>Source Files</Filter>
    </ClCompile>
    <ClCompile Include="GeneratedFiles\Release\moc_SceneTreePanel.cpp">
      <Filter>Generated Files\Release</Filter>
    </ClCompile>
    <ClCompile Include="QtHelpers.cpp">
      <Filter>Source Files</Filter>
    </ClCompile>
    <ClCompile Include="Panels\TimelinePanel.cpp">
      <Filter>Source Files</Filter>
    </ClCompile>
    <ClCompile Include="GeneratedFiles\Release\moc_TimelinePanel.cpp">
      <Filter>Generated Files\Release</Filter>
    </ClCompile>
    <ClCompile Include="Views\ViewManager.cpp">
      <Filter>Source Files</Filter>
    </ClCompile>
    <ClCompile Include="GeneratedFiles\Release\moc_ViewManager.cpp">
      <Filter>Generated Files\Release</Filter>
    </ClCompile>
    <ClCompile Include="Controls\TimelineRedux.cpp">
      <Filter>Source Files</Filter>
    </ClCompile>
    <ClCompile Include="Views\ViewUtility.cpp">
      <Filter>Source Files</Filter>
    </ClCompile>
    <ClCompile Include="Views\RenderWidget.cpp">
      <Filter>Source Files</Filter>
    </ClCompile>
    <ClCompile Include="GeneratedFiles\Release\moc_RenderWidget.cpp">
      <Filter>Generated Files\Release</Filter>
    </ClCompile>
    <ClCompile Include="Panels\ResourcePanel.cpp">
      <Filter>Source Files</Filter>
    </ClCompile>
    <ClCompile Include="GeneratedFiles\Release\moc_TimelineRedux.cpp">
      <Filter>Generated Files\Release</Filter>
    </ClCompile>
    <ClCompile Include="UrhoHelpers.cpp">
      <Filter>Source Files</Filter>
    </ClCompile>
    <ClCompile Include="Views\PerspectiveView.cpp">
      <Filter>Source Files</Filter>
    </ClCompile>
    <ClCompile Include="GeneratedFiles\Release\moc_qnodeseditor.cpp">
      <Filter>Generated Files\Release</Filter>
    </ClCompile>
    <ClCompile Include="Views\OrthographicView.cpp">
      <Filter>Source Files</Filter>
    </ClCompile>
    <ClCompile Include="Views\ViewBase.cpp">
      <Filter>Source Files</Filter>
    </ClCompile>
    <ClCompile Include="Views\Controllers\FlyController.cpp">
      <Filter>Source Files</Filter>
    </ClCompile>
    <ClCompile Include="Views\Controllers\GizmoController.cpp">
      <Filter>Source Files</Filter>
    </ClCompile>
    <ClCompile Include="Views\Controllers\RaySelectController.cpp">
      <Filter>Source Files</Filter>
    </ClCompile>
    <ClCompile Include="Views\Controllers\PanZoomController.cpp">
      <Filter>Source Files</Filter>
    </ClCompile>
    <ClCompile Include="GuiBuilder\Menus\CoreMenuBuilder.cpp">
      <Filter>Source Files</Filter>
    </ClCompile>
    <ClCompile Include="GeneratedFiles\Release\moc_NodeList.cpp">
      <Filter>Generated Files\Release</Filter>
    </ClCompile>
    <ClCompile Include="Views\InputRecorder.cpp">
      <Filter>Source Files</Filter>
    </ClCompile>
    <ClCompile Include="SprueApplication.cpp">
      <Filter>Source Files</Filter>
    </ClCompile>
    <ClCompile Include="GuiBuilder\Menus\LayoutMenuBuilder.cpp">
      <Filter>Source Files</Filter>
    </ClCompile>
    <ClCompile Include="GuiBuilder\Menus\Sculpt\SculptMenuBuilder.cpp">
      <Filter>Source Files</Filter>
    </ClCompile>
    <ClCompile Include="GuiBuilder\Docks\SharedDockBuilder.cpp">
      <Filter>Source Files</Filter>
    </ClCompile>
    <ClCompile Include="Views\Urho\UrhoGizmo.cpp">
      <Filter>Source Files</Filter>
    </ClCompile>
    <ClCompile Include="Commands\Urho\UrhoPropertyCmd.cpp">
      <Filter>Source Files</Filter>
    </ClCompile>
    <ClCompile Include="Commands\Urho\UrhoSceneCmds.cpp">
      <Filter>Source Files</Filter>
    </ClCompile>
    <ClCompile Include="ThirdParty\NodeEditor\qneblock.cpp">
      <Filter>Source Files</Filter>
    </ClCompile>
    <ClCompile Include="ThirdParty\NodeEditor\qneconnection.cpp">
      <Filter>Source Files</Filter>
    </ClCompile>
    <ClCompile Include="ThirdParty\NodeEditor\qneport.cpp">
      <Filter>Source Files</Filter>
    </ClCompile>
    <ClCompile Include="ThirdParty\NodeEditor\qnodeseditor.cpp">
      <Filter>Source Files</Filter>
    </ClCompile>
    <ClCompile Include="Commands\SprueKit\SprueSceneCmds.cpp">
      <Filter>Source Files</Filter>
    </ClCompile>
    <ClCompile Include="GeneratedFiles\Release\moc_BaseGraphControl.cpp">
      <Filter>Generated Files\Release</Filter>
    </ClCompile>
    <ClCompile Include="Controls\BaseGraphControl.cpp">
      <Filter>Source Files</Filter>
    </ClCompile>
    <ClCompile Include="GeneratedFiles\Release\moc_TextureGraphControl.cpp">
      <Filter>Generated Files\Release</Filter>
    </ClCompile>
    <ClCompile Include="GuiBuilder\Menus\Urho\UrhoMainMenus.cpp">
      <Filter>Source Files</Filter>
    </ClCompile>
    <ClCompile Include="GuiBuilder\Menus\EditMenuBuilder.cpp">
      <Filter>Source Files</Filter>
    </ClCompile>
    <ClCompile Include="Views\Controllers\OrbitController.cpp">
      <Filter>Source Files</Filter>
    </ClCompile>
    <ClCompile Include="Views\MultiGizmo.cpp">
      <Filter>Source Files</Filter>
    </ClCompile>
    <ClCompile Include="Views\Sprue\SprueGizmo.cpp">
      <Filter>Source Files</Filter>
    </ClCompile>
    <ClCompile Include="GuiBuilder\Menus\Urho\UrhoSelectionModeMenu.cpp">
      <Filter>Source Files</Filter>
    </ClCompile>
    <ClCompile Include="GuiBuilder\Menus\Urho\UrhoSpecialActionMenu.cpp">
      <Filter>Source Files</Filter>
    </ClCompile>
    <ClCompile Include="Views\Controllers\ControlPointPickerController.cpp">
      <Filter>Source Files</Filter>
    </ClCompile>
    <ClCompile Include="Views\Controllers\UrhoRaySelectController.cpp">
      <Filter>Source Files</Filter>
    </ClCompile>
    <ClCompile Include="Views\Sprue\DebugRenderer.cpp">
      <Filter>Source Files</Filter>
    </ClCompile>
    <ClCompile Include="GeneratedFiles\Release\moc_TextureDocumentShelf.cpp">
      <Filter>Generated Files\Release</Filter>
    </ClCompile>
    <ClCompile Include="Plugins\PluginManager.cpp">
      <Filter>Source Files</Filter>
    </ClCompile>
    <ClCompile Include="Data\TexGenData.cpp">
      <Filter>Source Files</Filter>
    </ClCompile>
    <ClCompile Include="Data\SprueDataSources.cpp">
      <Filter>Source Files</Filter>
    </ClCompile>
    <ClCompile Include="Data\UrhoDataSources.cpp">
      <Filter>Source Files</Filter>
    </ClCompile>
    <ClCompile Include="GeneratedFiles\Release\moc_LocalizedWidgets.cpp">
      <Filter>Generated Files\Release</Filter>
    </ClCompile>
    <ClCompile Include="Data\UrhoAnimatableTimelineModel.cpp">
      <Filter>Source Files</Filter>
    </ClCompile>
    <ClCompile Include="Localization\LocalizedWidgets.cpp">
      <Filter>Source Files</Filter>
    </ClCompile>
    <ClCompile Include="Views\Gizmo.cpp">
      <Filter>Source Files</Filter>
    </ClCompile>
    <ClCompile Include="Views\ofxManipulator.cpp">
      <Filter>Source Files</Filter>
    </ClCompile>
    <ClCompile Include="GeneratedFiles\qrc_SprueKitEditor.cpp">
      <Filter>Source Files</Filter>
    </ClCompile>
    <ClCompile Include="GuiBuilder\GraphDocument.cpp">
      <Filter>Source Files</Filter>
    </ClCompile>
    <ClCompile Include="GeneratedFiles\Release\moc_SprueDocumentShelf.cpp">
      <Filter>Generated Files\Release</Filter>
    </ClCompile>
    <ClCompile Include="CopyControl\LicenseManagementWidget.cpp">
      <Filter>Source Files</Filter>
    </ClCompile>
    <ClCompile Include="GeneratedFiles\Release\moc_LicenseManagementWidget.cpp">
      <Filter>Generated Files\Release</Filter>
    </ClCompile>
    <ClCompile Include="Views\Controllers\UVEditController.cpp">
      <Filter>Source Files</Filter>
    </ClCompile>
    <ClCompile Include="GeneratedFiles\Release\moc_LightmapGenerationDlg.cpp">
      <Filter>Generated Files\Release</Filter>
    </ClCompile>
    <ClCompile Include="ThirdParty\TrueFramelessWindow\QWinWidget.cpp">
      <Filter>Source Files</Filter>
    </ClCompile>
    <ClCompile Include="GeneratedFiles\Release\moc_QWinWidget.cpp">
      <Filter>Generated Files\Release</Filter>
    </ClCompile>
    <ClCompile Include="ThirdParty\TrueFramelessWindow\Widget.cpp">
      <Filter>Source Files</Filter>
    </ClCompile>
    <ClCompile Include="GeneratedFiles\Release\moc_Widget.cpp">
      <Filter>Generated Files\Release</Filter>
    </ClCompile>
    <ClCompile Include="ThirdParty\TrueFramelessWindow\WinNativeWindow.cpp">
      <Filter>Source Files</Filter>
    </ClCompile>
    <ClCompile Include="Controls\Ribbon\QuickAccessToolbar.cpp">
      <Filter>Source Files</Filter>
    </ClCompile>
    <ClCompile Include="Controls\Ribbon\ApplicationMenu.cpp">
      <Filter>Source Files</Filter>
    </ClCompile>
    <ClCompile Include="Controls\Ribbon\RibbonLayout.cpp">
      <Filter>Source Files</Filter>
    </ClCompile>
    <ClCompile Include="GuiBuilder\Ribbons\CoreGUIRibbonBuilder.cpp">
      <Filter>Source Files</Filter>
    </ClCompile>
    <ClCompile Include="GuiBuilder\DocumentSearchResult.cpp">
      <Filter>Source Files</Filter>
    </ClCompile>
    <ClCompile Include="GuiBuilder\Menus\ViewMenuBuilder.cpp">
      <Filter>Source Files</Filter>
    </ClCompile>
    <ClCompile Include="GuiBuilder\BaseApplicationMenu.cpp">
      <Filter>Source Files</Filter>
    </ClCompile>
    <ClCompile Include="GeneratedFiles\Release\moc_BaseApplicationMenu.cpp">
      <Filter>Generated Files\Release</Filter>
    </ClCompile>
    <ClCompile Include="GuiBuilder\AppMenuPages\MainAppPages.cpp">
      <Filter>Source Files</Filter>
    </ClCompile>
    <ClCompile Include="Views\MultiViewController.cpp">
      <Filter>Source Files</Filter>
    </ClCompile>
    <ClCompile Include="GeneratedFiles\Release\moc_RibbonDocumentPage.cpp">
      <Filter>Generated Files\Release</Filter>
    </ClCompile>
    <ClCompile Include="GeneratedFiles\Release\moc_RibbonNoDocumentPage.cpp">
      <Filter>Generated Files\Release</Filter>
    </ClCompile>
    <ClCompile Include="CopyControl\LicenseManagementDialog.cpp">
      <Filter>Source Files</Filter>
    </ClCompile>
    <ClCompile Include="GeneratedFiles\Release\moc_LicenseManagementDialog.cpp">
      <Filter>Generated Files\Release</Filter>
    </ClCompile>
    <ClCompile Include="GeneratedFiles\Release\moc_SprueDocument.cpp">
      <Filter>Generated Files\Release</Filter>
    </ClCompile>
    <ClCompile Include="GeneratedFiles\Release\moc_GraphDocument.cpp">
      <Filter>Generated Files\Release</Filter>
    </ClCompile>
    <ClCompile Include="GlobalAccess.cpp">
      <Filter>Source Files</Filter>
    </ClCompile>
    <ClCompile Include="GeneratedFiles\Release\moc_TextureInspector.cpp">
      <Filter>Generated Files\Release</Filter>
    </ClCompile>
    <ClCompile Include="Developer\TexGen\TextureNodeIconBuilder.cpp">
      <Filter>Source Files</Filter>
    </ClCompile>
    <ClCompile Include="GeneratedFiles\Release\moc_TextureGraphExportDialog.cpp">
      <Filter>Generated Files\Release</Filter>
    </ClCompile>
    <ClCompile Include="Applications\TextureGraphApplication.cpp">
      <Filter>Source Files</Filter>
    </ClCompile>
    <ClCompile Include="GuiBuilder\Menus\ViewportMenuBuilder.cpp">
      <Filter>Source Files</Filter>
    </ClCompile>
    <ClCompile Include="GeneratedFiles\Release\moc_TextureGraphReportDialog.cpp">
      <Filter>Generated Files\Release</Filter>
    </ClCompile>
    <ClCompile Include="Applications\SprueKitApplication.cpp">
      <Filter>Source Files</Filter>
    </ClCompile>
    <ClCompile Include="Applications\SeamFixApplication.cpp">
      <Filter>Source Files</Filter>
    </ClCompile>
    <ClCompile Include="Developer\Sprue\BVHConverter.cpp">
      <Filter>Source Files</Filter>
    </ClCompile>
    <ClCompile Include="Applications\UrhoEditorApplication.cpp">
      <Filter>Source Files</Filter>
    </ClCompile>
    <ClCompile Include="Developer\Sprue\BVHFileFormat.cpp">
      <Filter>Source Files</Filter>
    </ClCompile>
    <ClCompile Include="GuiBuilder\MeshBasedDocument.cpp">
      <Filter>Source Files</Filter>
    </ClCompile>
    <ClCompile Include="GeneratedFiles\Release\moc_SculptShelf.cpp">
      <Filter>Generated Files\Release</Filter>
    </ClCompile>
    <ClCompile Include="Controls\Properties\BasePropertyEditor.cpp">
      <Filter>Source Files</Filter>
    </ClCompile>
    <ClCompile Include="Controls\Properties\PropertyEnumerator.cpp">
      <Filter>Source Files</Filter>
    </ClCompile>
    <ClCompile Include="Controls\Properties\PropertyPageV2.cpp">
      <Filter>Source Files</Filter>
    </ClCompile>
    <ClCompile Include="GeneratedFiles\Release\moc_BasePropertyEditor.cpp">
      <Filter>Generated Files\Release</Filter>
    </ClCompile>
    <ClCompile Include="Controls\Properties\VectorPropertyEditors.cpp">
      <Filter>Source Files</Filter>
    </ClCompile>
    <ClCompile Include="Controls\Properties\ColorPropertyEditors.cpp">
      <Filter>Source Files</Filter>
    </ClCompile>
    <ClCompile Include="GeneratedFiles\Release\moc_VectorPropertyEditors.cpp">
      <Filter>Generated Files\Release</Filter>
    </ClCompile>
    <ClCompile Include="Controls\Properties\Sprue\SpruePropertyHandlerImpl.cpp">
      <Filter>Source Files</Filter>
    </ClCompile>
    <ClCompile Include="Controls\Properties\Urho\UrhoPropertyHandlerImpl.cpp">
      <Filter>Source Files</Filter>
    </ClCompile>
    <ClCompile Include="Documents\Sprue\SprueDocument.cpp">
      <Filter>Source Files</Filter>
    </ClCompile>
    <ClCompile Include="Documents\Sprue\SprueDocumentShelf.cpp">
      <Filter>Source Files</Filter>
    </ClCompile>
    <ClCompile Include="Documents\Sprue\SceneView.cpp">
      <Filter>Source Files</Filter>
    </ClCompile>
    <ClCompile Include="Documents\Sprue\UVMapView.cpp">
      <Filter>Source Files</Filter>
    </ClCompile>
    <ClCompile Include="Documents\TexGen\TextureDocument.cpp">
      <Filter>Source Files</Filter>
    </ClCompile>
    <ClCompile Include="Documents\TexGen\TextureDocumentShelf.cpp">
      <Filter>Source Files</Filter>
    </ClCompile>
    <ClCompile Include="Documents\TexGen\TextureGraphExportDialog.cpp">
      <Filter>Source Files</Filter>
    </ClCompile>
    <ClCompile Include="Documents\TexGen\TextureGraphReportDialog.cpp">
      <Filter>Source Files</Filter>
    </ClCompile>
    <ClCompile Include="Documents\TexGen\TexturePreviewView.cpp">
      <Filter>Source Files</Filter>
    </ClCompile>
    <ClCompile Include="Documents\TexGen\TextureCreateRibbonBuilder.cpp">
      <Filter>Source Files</Filter>
    </ClCompile>
    <ClCompile Include="Documents\TexGen\TextureGenerateRibbonBuilder.cpp">
      <Filter>Source Files</Filter>
    </ClCompile>
    <ClCompile Include="Documents\TexGen\TextureHomeRibbonBuilder.cpp">
      <Filter>Source Files</Filter>
    </ClCompile>
    <ClCompile Include="Documents\TexGen\TextureReportRibbonBuilder.cpp">
      <Filter>Source Files</Filter>
    </ClCompile>
    <ClCompile Include="Documents\TexGen\TexGenDockBuilder.cpp">
      <Filter>Source Files</Filter>
    </ClCompile>
    <ClCompile Include="Documents\TexGen\Tasks\BakerTask.cpp">
      <Filter>Source Files</Filter>
    </ClCompile>
    <ClCompile Include="Documents\TexGen\Tasks\TextureGenTask.cpp">
      <Filter>Source Files</Filter>
    </ClCompile>
    <ClCompile Include="Documents\TexGen\Tasks\TextureInspectorGenTask.cpp">
      <Filter>Source Files</Filter>
    </ClCompile>
    <ClCompile Include="Documents\Sprue\Tasks\CPUMeshingTask.cpp">
      <Filter>Source Files</Filter>
    </ClCompile>
    <ClCompile Include="Documents\Sprue\Tasks\MeshingTask.cpp">
      <Filter>Source Files</Filter>
    </ClCompile>
    <ClCompile Include="Documents\Sprue\Tasks\UVGenerationTask.cpp">
      <Filter>Source Files</Filter>
    </ClCompile>
    <ClCompile Include="Documents\Urho\UrhoMaterialDocument.cpp">
      <Filter>Source Files</Filter>
    </ClCompile>
    <ClCompile Include="Documents\Urho\UrhoParticleEffectDocument.cpp">
      <Filter>Source Files</Filter>
    </ClCompile>
    <ClCompile Include="Documents\Urho\UrhoSceneDocument.cpp">
      <Filter>Source Files</Filter>
    </ClCompile>
    <ClCompile Include="Documents\Sculpt\SculptBrushController.cpp">
      <Filter>Source Files</Filter>
    </ClCompile>
    <ClCompile Include="Documents\Sculpt\SculptDocument.cpp">
      <Filter>Source Files</Filter>
    </ClCompile>
    <ClCompile Include="Documents\Sculpt\SculptShelf.cpp">
      <Filter>Source Files</Filter>
    </ClCompile>
    <ClCompile Include="Documents\Sculpt\TriangleSelectController.cpp">
      <Filter>Source Files</Filter>
    </ClCompile>
    <ClCompile Include="Documents\Urho\UrhoDockBuilder.cpp">
      <Filter>Source Files</Filter>
    </ClCompile>
    <ClCompile Include="Documents\Sculpt\SculptView.cpp">
      <Filter>Source Files</Filter>
    </ClCompile>
    <ClCompile Include="GeneratedFiles\Release\moc_GuiBuilder.cpp">
      <Filter>Generated Files\Release</Filter>
    </ClCompile>
    <ClCompile Include="GeneratedFiles\Debug\moc_BaseApplicationMenu.cpp">
      <Filter>Source Files</Filter>
    </ClCompile>
    <ClCompile Include="GeneratedFiles\Debug\moc_BaseGraphControl.cpp">
      <Filter>Source Files</Filter>
    </ClCompile>
    <ClCompile Include="GeneratedFiles\Debug\moc_BasePropertyEditor.cpp">
      <Filter>Source Files</Filter>
    </ClCompile>
    <ClCompile Include="GeneratedFiles\Debug\moc_GraphDocument.cpp">
      <Filter>Source Files</Filter>
    </ClCompile>
    <ClCompile Include="GeneratedFiles\Debug\moc_GuiBuilder.cpp">
      <Filter>Source Files</Filter>
    </ClCompile>
    <ClCompile Include="GeneratedFiles\Debug\moc_LicenseManagementDialog.cpp">
      <Filter>Source Files</Filter>
    </ClCompile>
    <ClCompile Include="GeneratedFiles\Debug\moc_LicenseManagementWidget.cpp">
      <Filter>Source Files</Filter>
    </ClCompile>
    <ClCompile Include="GeneratedFiles\Debug\moc_LightmapGenerationDlg.cpp">
      <Filter>Source Files</Filter>
    </ClCompile>
    <ClCompile Include="GeneratedFiles\Debug\moc_LocalizedWidgets.cpp">
      <Filter>Source Files</Filter>
    </ClCompile>
    <ClCompile Include="GeneratedFiles\Debug\moc_NodeList.cpp">
      <Filter>Source Files</Filter>
    </ClCompile>
    <ClCompile Include="GeneratedFiles\Debug\moc_PathFixupDialog.cpp">
      <Filter>Source Files</Filter>
    </ClCompile>
    <ClCompile Include="GeneratedFiles\Debug\moc_qnodeseditor.cpp">
      <Filter>Source Files</Filter>
    </ClCompile>
    <ClCompile Include="GeneratedFiles\Debug\moc_QWinWidget.cpp">
      <Filter>Source Files</Filter>
    </ClCompile>
    <ClCompile Include="GeneratedFiles\Debug\moc_RenderWidget.cpp">
      <Filter>Source Files</Filter>
    </ClCompile>
    <ClCompile Include="GeneratedFiles\Debug\moc_RibbonDocumentPage.cpp">
      <Filter>Source Files</Filter>
    </ClCompile>
    <ClCompile Include="GeneratedFiles\Debug\moc_RibbonNoDocumentPage.cpp">
      <Filter>Source Files</Filter>
    </ClCompile>
    <ClCompile Include="GeneratedFiles\Debug\moc_SceneTreePanel.cpp">
      <Filter>Source Files</Filter>
    </ClCompile>
    <ClCompile Include="GeneratedFiles\Debug\moc_SculptShelf.cpp">
      <Filter>Source Files</Filter>
    </ClCompile>
    <ClCompile Include="GeneratedFiles\Debug\moc_SprueDocument.cpp">
      <Filter>Source Files</Filter>
    </ClCompile>
    <ClCompile Include="GeneratedFiles\Debug\moc_SprueDocumentShelf.cpp">
      <Filter>Source Files</Filter>
    </ClCompile>
    <ClCompile Include="GeneratedFiles\Debug\moc_SprueKitEditor.cpp">
      <Filter>Source Files</Filter>
    </ClCompile>
    <ClCompile Include="GeneratedFiles\Debug\moc_TextureDocumentShelf.cpp">
      <Filter>Source Files</Filter>
    </ClCompile>
    <ClCompile Include="GeneratedFiles\Debug\moc_TextureGraphControl.cpp">
      <Filter>Source Files</Filter>
    </ClCompile>
    <ClCompile Include="GeneratedFiles\Debug\moc_TextureGraphExportDialog.cpp">
      <Filter>Source Files</Filter>
    </ClCompile>
    <ClCompile Include="GeneratedFiles\Debug\moc_TextureGraphReportDialog.cpp">
      <Filter>Source Files</Filter>
    </ClCompile>
    <ClCompile Include="GeneratedFiles\Debug\moc_TextureInspector.cpp">
      <Filter>Source Files</Filter>
    </ClCompile>
    <ClCompile Include="GeneratedFiles\Debug\moc_TimelinePanel.cpp">
      <Filter>Source Files</Filter>
    </ClCompile>
    <ClCompile Include="GeneratedFiles\Debug\moc_TimelineRedux.cpp">
      <Filter>Source Files</Filter>
    </ClCompile>
    <ClCompile Include="GeneratedFiles\Debug\moc_VectorPropertyEditors.cpp">
      <Filter>Source Files</Filter>
    </ClCompile>
    <ClCompile Include="GeneratedFiles\Debug\moc_ViewManager.cpp">
      <Filter>Source Files</Filter>
    </ClCompile>
    <ClCompile Include="GeneratedFiles\Debug\moc_Widget.cpp">
      <Filter>Source Files</Filter>
    </ClCompile>
    <ClCompile Include="Documents\Sculpt\SculptTree.cpp">
      <Filter>Source Files</Filter>
    </ClCompile>
    <ClCompile Include="GeneratedFiles\Debug\moc_SculptTree.cpp">
      <Filter>Generated Files\Debug</Filter>
    </ClCompile>
    <ClCompile Include="GeneratedFiles\Release\moc_SculptTree.cpp">
      <Filter>Generated Files\Release</Filter>
    </ClCompile>
    <ClCompile Include="Documents\Sculpt\SculptGUIBuilder.cpp">
      <Filter>Source Files</Filter>
    </ClCompile>
    <ClCompile Include="Documents\Urho\Controls\UrhoObjectSpawner.cpp">
      <Filter>Source Files</Filter>
    </ClCompile>
    <ClCompile Include="Documents\Urho\Controls\UrhoSelectionMask.cpp">
      <Filter>Source Files</Filter>
    </ClCompile>
    <ClCompile Include="Documents\TexGen\Controls\NodeList.cpp">
      <Filter>Source Files</Filter>
    </ClCompile>
    <ClCompile Include="Documents\TexGen\Controls\TextureGraphControl.cpp">
      <Filter>Source Files</Filter>
    </ClCompile>
    <ClCompile Include="Documents\TexGen\Controls\TextureInspector.cpp">
      <Filter>Source Files</Filter>
    </ClCompile>
    <ClCompile Include="Documents\Urho\Dialogs\LightmapGenerationDlg.cpp">
      <Filter>Source Files</Filter>
    </ClCompile>
    <ClCompile Include="Documents\Urho\Dialogs\UrhoCubemapRenderDlg.cpp">
      <Filter>Source Files</Filter>
    </ClCompile>
    <ClCompile Include="Documents\Urho\Dialogs\UrhoExportDlg.cpp">
      <Filter>Source Files</Filter>
    </ClCompile>
    <ClCompile Include="Documents\Urho\Dialogs\UrhoScriptDlg.cpp">
      <Filter>Source Files</Filter>
    </ClCompile>
    <ClCompile Include="Documents\Sprue\Dialogs\BoneRemappingDialog.cpp">
      <Filter>Source Files</Filter>
    </ClCompile>
    <ClCompile Include="Documents\Sprue\Dialogs\IEditablePathFixupItem.cpp">
      <Filter>Source Files</Filter>
    </ClCompile>
    <ClCompile Include="GeneratedFiles\Debug\moc_ColorPropertyEditors.cpp">
      <Filter>Generated Files\Debug</Filter>
    </ClCompile>
    <ClCompile Include="GeneratedFiles\Release\moc_ColorPropertyEditors.cpp">
      <Filter>Generated Files\Release</Filter>
    </ClCompile>
    <ClCompile Include="Documents\Urho\UrhoHomeRibbonBuilder.cpp">
      <Filter>Source Files</Filter>
    </ClCompile>
    <ClCompile Include="Documents\Urho\UrhoSceneView.cpp">
      <Filter>Source Files</Filter>
    </ClCompile>
    <ClCompile Include="Commands\SprueKit\GraphCmds.cpp">
      <Filter>Source Files</Filter>
    </ClCompile>
    <ClCompile Include="Commands\SprueKit\IEditableListCommand.cpp">
      <Filter>Source Files</Filter>
    </ClCompile>
    <ClCompile Include="Commands\SprueKit\IEditablePropertyCmd.cpp">
      <Filter>Source Files</Filter>
    </ClCompile>
    <ClCompile Include="Documents\Sprue\SprueExportDialog.cpp">
      <Filter>Source Files</Filter>
    </ClCompile>
    <ClCompile Include="Documents\Sprue\Tasks\SprueTexGentask.cpp">
      <Filter>Source Files</Filter>
    </ClCompile>
    <ClCompile Include="Documents\Sprue\Tasks\BoneWeightTask.cpp">
      <Filter>Source Files</Filter>
    </ClCompile>
    <ClCompile Include="Documents\Sprue\AnimationDocument.cpp">
      <Filter>Source Files</Filter>
    </ClCompile>
    <ClCompile Include="Documents\Sprue\Builders\DesignMenuBuilder.cpp">
      <Filter>Source Files</Filter>
    </ClCompile>
    <ClCompile Include="Documents\Sprue\Builders\MeshingMenuBuilder.cpp">
      <Filter>Source Files</Filter>
    </ClCompile>
    <ClCompile Include="Documents\Sprue\Builders\SprueAssetsRibbonBuilder.cpp">
      <Filter>Source Files</Filter>
    </ClCompile>
    <ClCompile Include="Documents\Sprue\Builders\SprueCreateRibbonBuilder.cpp">
      <Filter>Source Files</Filter>
    </ClCompile>
    <ClCompile Include="Documents\Sprue\Builders\SprueDockBuilder.cpp">
      <Filter>Source Files</Filter>
    </ClCompile>
    <ClCompile Include="Documents\Sprue\Builders\SprueHomeRibbonBuilder.cpp">
      <Filter>Source Files</Filter>
    </ClCompile>
    <ClCompile Include="Documents\SprueCommon\PermutationDlg.cpp">
      <Filter>Source Files</Filter>
    </ClCompile>
    <ClCompile Include="GeneratedFiles\Debug\moc_PermutationDlg.cpp">
      <Filter>Generated Files\Debug</Filter>
    </ClCompile>
    <ClCompile Include="GeneratedFiles\Release\moc_PermutationDlg.cpp">
      <Filter>Generated Files\Release</Filter>
    </ClCompile>
    <ClCompile Include="Documents\SprueCommon\PermutationWidget.cpp">
      <Filter>Source Files</Filter>
    </ClCompile>
    <ClCompile Include="Documents\Sprue\AnimationView.cpp">
      <Filter>Source Files</Filter>
    </ClCompile>
    <ClCompile Include="Dialogs\LaunchDialog.cpp">
      <Filter>Source Files</Filter>
    </ClCompile>
    <ClCompile Include="Dialogs\PathFixupDialog.cpp">
      <Filter>Source Files</Filter>
    </ClCompile>
    <ClCompile Include="GeneratedFiles\Debug\moc_PathFixupDialog.cpp">
      <Filter>Generated Files\Debug</Filter>
    </ClCompile>
    <ClCompile Include="GeneratedFiles\Release\moc_PathFixupDialog.cpp">
      <Filter>Generated Files\Release</Filter>
    </ClCompile>
    <ClCompile Include="Dialogs\SaveImageDialog.cpp">
      <Filter>Source Files</Filter>
    </ClCompile>
    <ClCompile Include="Views\Handles\Handle.cpp">
      <Filter>Source Files</Filter>
    </ClCompile>
    <ClCompile Include="Views\Handles\HandleSystem.cpp">
      <Filter>Source Files</Filter>
    </ClCompile>
    <ClCompile Include="Documents\Sprue\Controls\Lists\SprueSceneList.cpp">
      <Filter>Source Files</Filter>
    </ClCompile>
    <ClCompile Include="Documents\Sprue\Controls\Lists\SprueAnimationList.cpp">
      <Filter>Source Files</Filter>
    </ClCompile>
    <ClCompile Include="GeneratedFiles\Debug\moc_SprueAnimationList.cpp">
      <Filter>Generated Files\Debug</Filter>
    </ClCompile>
    <ClCompile Include="GeneratedFiles\Release\moc_SprueAnimationList.cpp">
      <Filter>Generated Files\Release</Filter>
    </ClCompile>
    <ClCompile Include="GeneratedFiles\Debug\moc_SprueSceneList.cpp">
      <Filter>Generated Files\Debug</Filter>
    </ClCompile>
    <ClCompile Include="GeneratedFiles\Release\moc_SprueSceneList.cpp">
      <Filter>Generated Files\Release</Filter>
    </ClCompile>
    <ClCompile Include="Graphics\VertexAttributes.cpp">
      <Filter>Source Files</Filter>
    </ClCompile>
    <ClCompile Include="Graphics\VertexBuffer.cpp">
      <Filter>Source Files</Filter>
    </ClCompile>
    <ClCompile Include="Graphics\IndexBuffer.cpp">
      <Filter>Source Files</Filter>
    </ClCompile>
    <ClCompile Include="Graphics\utOpenGL.cpp">
      <Filter>Source Files</Filter>
    </ClCompile>
    <ClCompile Include="Graphics\ShaderProgram.cpp">
      <Filter>Source Files</Filter>
    </ClCompile>
    <ClCompile Include="Graphics\Mesh.cpp">
      <Filter>Source Files</Filter>
    </ClCompile>
    <ClCompile Include="Graphics\Texture.cpp">
      <Filter>Source Files</Filter>
    </ClCompile>
    <ClCompile Include="Graphics\Util\DecalBatch.cpp">
      <Filter>Source Files</Filter>
    </ClCompile>
    <ClCompile Include="Graphics\Util\SpriteBatch.cpp">
      <Filter>Source Files</Filter>
    </ClCompile>
    <ClCompile Include="Graphics\Util\ImmediateModeRenderer.cpp">
      <Filter>Source Files</Filter>
    </ClCompile>
    <ClCompile Include="Graphics\Util\TextureRegion.cpp">
      <Filter>Source Files</Filter>
    </ClCompile>
    <ClCompile Include="Graphics\Ops\MipmapGenerator.cpp">
      <Filter>Source Files</Filter>
    </ClCompile>
    <ClCompile Include="Graphics\Util\BitmapFont.cpp">
      <Filter>Source Files</Filter>
    </ClCompile>
    <ClCompile Include="Graphics\FrameBuffer.cpp">
      <Filter>Source Files</Filter>
    </ClCompile>
    <ClCompile Include="Graphics\Util\Light.cpp">
      <Filter>Source Files</Filter>
    </ClCompile>
    <ClCompile Include="Graphics\Util\DebugDrawer.cpp">
      <Filter>Source Files</Filter>
    </ClCompile>
    <ClCompile Include="GeneratedFiles\Debug\moc_IMGUIPropertyEditor.cpp">
      <Filter>Generated Files\Debug</Filter>
    </ClCompile>
    <ClCompile Include="GeneratedFiles\Release\moc_IMGUIPropertyEditor.cpp">
      <Filter>Generated Files\Release</Filter>
    </ClCompile>
    <ClCompile Include="Documents\Sprue\Controls\IMGUIPropertyEditor.cpp">
      <Filter>Source Files</Filter>
    </ClCompile>
    <ClCompile Include="Documents\Urho\Controls\UrhoProfilerView.cpp">
      <Filter>Source Files</Filter>
    </ClCompile>
    <ClCompile Include="Documents\Urho\Controls\UrhoResourceCache.cpp">
      <Filter>Source Files</Filter>
    </ClCompile>
    <ClCompile Include="GeneratedFiles\Debug\moc_UrhoIMPropertyEditor.cpp">
      <Filter>Generated Files\Debug</Filter>
    </ClCompile>
    <ClCompile Include="Documents\Urho\Controls\UrhoIMPropertyEditor.cpp">
      <Filter>Source Files</Filter>
    </ClCompile>
    <ClCompile Include="GeneratedFiles\Release\moc_UrhoIMPropertyEditor.cpp">
      <Filter>Generated Files\Release</Filter>
    </ClCompile>
    <ClCompile Include="GeneratedFiles\Debug\moc_UrhoSceneTree.cpp">
      <Filter>Generated Files\Debug</Filter>
    </ClCompile>
    <ClCompile Include="Documents\Urho\Controls\UrhoSceneTree.cpp">
      <Filter>Source Files</Filter>
    </ClCompile>
    <ClCompile Include="GeneratedFiles\Release\moc_UrhoSceneTree.cpp">
      <Filter>Generated Files\Release</Filter>
    </ClCompile>
    <ClCompile Include="Views\Handles\Manipulator.cpp">
      <Filter>Source Files</Filter>
    </ClCompile>
    <ClCompile Include="Controls\SplashScreen.cpp">
      <Filter>Source Files</Filter>
    </ClCompile>
  </ItemGroup>
  <ItemGroup>
    <CustomBuild Include="SprueKitEditor.h">
      <Filter>Header Files</Filter>
    </CustomBuild>
    <CustomBuild Include="SprueKitEditor.ui">
      <Filter>Form Files</Filter>
    </CustomBuild>
    <CustomBuild Include="SprueKitEditor.qrc">
      <Filter>Resource Files</Filter>
    </CustomBuild>
    <CustomBuild Include="Panels\SceneTreePanel.h">
      <Filter>Header Files</Filter>
    </CustomBuild>
    <CustomBuild Include="Panels\TimelinePanel.h">
      <Filter>Header Files</Filter>
    </CustomBuild>
    <CustomBuild Include="Views\ViewManager.h">
      <Filter>Header Files</Filter>
    </CustomBuild>
    <CustomBuild Include="Controls\TimelineRedux.h">
      <Filter>Header Files</Filter>
    </CustomBuild>
    <CustomBuild Include="Views\RenderWidget.h">
      <Filter>Header Files</Filter>
    </CustomBuild>
    <CustomBuild Include="Panels\ResourcePanel.h">
      <Filter>Header Files</Filter>
    </CustomBuild>
    <CustomBuild Include="GuiBuilder\Menus\CoreMenuBuilder.h">
      <Filter>Header Files</Filter>
    </CustomBuild>
    <CustomBuild Include="ThirdParty\NodeEditor\qnodeseditor.h">
      <Filter>Header Files</Filter>
    </CustomBuild>
    <CustomBuild Include="Controls\BaseGraphControl.h">
      <Filter>Header Files</Filter>
    </CustomBuild>
    <CustomBuild Include="Localization\LocalizedWidgets.h">
      <Filter>Header Files</Filter>
    </CustomBuild>
    <CustomBuild Include="CopyControl\LicenseManagementWidget.h">
      <Filter>Header Files</Filter>
    </CustomBuild>
    <CustomBuild Include="ThirdParty\TrueFramelessWindow\QWinWidget.h">
      <Filter>Header Files</Filter>
    </CustomBuild>
    <CustomBuild Include="ThirdParty\TrueFramelessWindow\Widget.h">
      <Filter>Header Files</Filter>
    </CustomBuild>
    <CustomBuild Include="GuiBuilder\BaseApplicationMenu.h">
      <Filter>Header Files</Filter>
    </CustomBuild>
    <CustomBuild Include="GuiBuilder\Ribbons\RibbonDocumentPage.h">
      <Filter>Header Files</Filter>
    </CustomBuild>
    <CustomBuild Include="GuiBuilder\Ribbons\RibbonNoDocumentPage.h">
      <Filter>Header Files</Filter>
    </CustomBuild>
    <CustomBuild Include="CopyControl\LicenseManagementDialog.h">
      <Filter>Header Files</Filter>
    </CustomBuild>
    <CustomBuild Include="GuiBuilder\GraphDocument.h">
      <Filter>Header Files</Filter>
    </CustomBuild>
    <CustomBuild Include="Controls\Properties\BasePropertyEditor.h">
      <Filter>Header Files</Filter>
    </CustomBuild>
    <CustomBuild Include="Controls\Properties\VectorPropertyEditors.h">
      <Filter>Header Files</Filter>
    </CustomBuild>
    <CustomBuild Include="Documents\Sprue\SprueDocument.h">
      <Filter>Header Files</Filter>
    </CustomBuild>
    <CustomBuild Include="Documents\Sprue\SprueDocumentShelf.h">
      <Filter>Header Files</Filter>
    </CustomBuild>
    <CustomBuild Include="Documents\TexGen\TextureDocument.h">
      <Filter>Header Files</Filter>
    </CustomBuild>
    <CustomBuild Include="Documents\TexGen\TextureDocumentShelf.h">
      <Filter>Header Files</Filter>
    </CustomBuild>
    <CustomBuild Include="Documents\TexGen\TextureGraphExportDialog.h">
      <Filter>Header Files</Filter>
    </CustomBuild>
    <CustomBuild Include="Documents\TexGen\TextureGraphReportDialog.h">
      <Filter>Header Files</Filter>
    </CustomBuild>
    <CustomBuild Include="Documents\Sculpt\SculptShelf.h">
      <Filter>Header Files</Filter>
    </CustomBuild>
    <CustomBuild Include="GuiBuilder\GuiBuilder.h">
      <Filter>Header Files</Filter>
    </CustomBuild>
    <CustomBuild Include="GuiBuilder\Menus\EditMenuBuilder.h">
      <Filter>Header Files</Filter>
    </CustomBuild>
    <CustomBuild Include="GuiBuilder\Menus\LayoutMenuBuilder.h">
      <Filter>Header Files</Filter>
    </CustomBuild>
    <CustomBuild Include="GuiBuilder\Menus\ViewMenuBuilder.h">
      <Filter>Header Files</Filter>
    </CustomBuild>
    <CustomBuild Include="GuiBuilder\Menus\ViewportMenuBuilder.h">
      <Filter>Header Files</Filter>
    </CustomBuild>
    <CustomBuild Include="GuiBuilder\Menus\Urho\UrhoMainMenus.h">
      <Filter>Header Files</Filter>
    </CustomBuild>
    <CustomBuild Include="GuiBuilder\Menus\Urho\UrhoSelectionModeMenu.h">
      <Filter>Header Files</Filter>
    </CustomBuild>
    <CustomBuild Include="GuiBuilder\Menus\Urho\UrhoSpecialActionMenu.h">
      <Filter>Header Files</Filter>
    </CustomBuild>
    <CustomBuild Include="GuiBuilder\Menus\Sculpt\SculptMenuBuilder.h">
      <Filter>Header Files</Filter>
    </CustomBuild>
    <CustomBuild Include="GuiBuilder\Docks\SharedDockBuilder.h">
      <Filter>Header Files</Filter>
    </CustomBuild>
    <CustomBuild Include="Documents\Sculpt\SculptTree.h">
      <Filter>Header Files</Filter>
    </CustomBuild>
    <CustomBuild Include="Documents\TexGen\Controls\NodeList.h">
      <Filter>Header Files</Filter>
    </CustomBuild>
    <CustomBuild Include="Documents\TexGen\Controls\TextureGraphControl.h">
      <Filter>Header Files</Filter>
    </CustomBuild>
    <CustomBuild Include="Documents\TexGen\Controls\TextureInspector.h">
      <Filter>Header Files</Filter>
    </CustomBuild>
    <CustomBuild Include="Documents\Urho\Dialogs\LightmapGenerationDlg.h">
      <Filter>Header Files</Filter>
    </CustomBuild>
    <CustomBuild Include="Controls\Properties\ColorPropertyEditors.h">
      <Filter>Header Files</Filter>
    </CustomBuild>
    <CustomBuild Include="Documents\Sprue\Builders\DesignMenuBuilder.h">
      <Filter>Header Files</Filter>
    </CustomBuild>
    <CustomBuild Include="Documents\Sprue\Builders\MeshingMenuBuilder.h">
      <Filter>Header Files</Filter>
    </CustomBuild>
    <CustomBuild Include="Documents\SprueCommon\PermutationDlg.h">
      <Filter>Header Files</Filter>
    </CustomBuild>
    <CustomBuild Include="Dialogs\PathFixupDialog.h">
      <Filter>Header Files</Filter>
    </CustomBuild>
    <CustomBuild Include="Documents\Sprue\Controls\Lists\SprueAnimationList.h">
      <Filter>Header Files</Filter>
    </CustomBuild>
    <CustomBuild Include="Documents\Sprue\Controls\Lists\SprueSceneList.h">
      <Filter>Header Files</Filter>
    </CustomBuild>
    <CustomBuild Include="Documents\Sprue\Controls\IMGUIPropertyEditor.h">
      <Filter>Header Files</Filter>
    </CustomBuild>
    <CustomBuild Include="Documents\Urho\Controls\UrhoIMPropertyEditor.h">
      <Filter>Header Files</Filter>
    </CustomBuild>
    <CustomBuild Include="Documents\Urho\Controls\UrhoSceneTree.h">
      <Filter>Header Files</Filter>
    </CustomBuild>
  </ItemGroup>
  <ItemGroup>
    <ClInclude Include="QtHelpers.h">
      <Filter>Header Files</Filter>
    </ClInclude>
    <ClInclude Include="Views\ViewUtility.h">
      <Filter>Header Files</Filter>
    </ClInclude>
    <ClInclude Include="Views\InputRecorder.h">
      <Filter>Header Files</Filter>
    </ClInclude>
    <ClInclude Include="Views\PerspectiveView.h">
      <Filter>Header Files</Filter>
    </ClInclude>
    <ClInclude Include="GeneratedFiles\ui_SprueKitEditor.h">
      <Filter>Header Files</Filter>
    </ClInclude>
    <ClInclude Include="UrhoHelpers.h">
      <Filter>Header Files</Filter>
    </ClInclude>
    <ClInclude Include="Views\OrthographicView.h">
      <Filter>Header Files</Filter>
    </ClInclude>
    <ClInclude Include="Views\ViewBase.h">
      <Filter>Header Files</Filter>
    </ClInclude>
    <ClInclude Include="Views\Controllers\FlyController.h">
      <Filter>Header Files</Filter>
    </ClInclude>
    <ClInclude Include="Views\Controllers\GizmoController.h">
      <Filter>Header Files</Filter>
    </ClInclude>
    <ClInclude Include="Views\Controllers\RaySelectController.h">
      <Filter>Header Files</Filter>
    </ClInclude>
    <ClInclude Include="Views\ViewController.h">
      <Filter>Header Files</Filter>
    </ClInclude>
    <ClInclude Include="Views\Controllers\PanZoomController.h">
      <Filter>Header Files</Filter>
    </ClInclude>
    <ClInclude Include="SprueApplication.h">
      <Filter>Header Files</Filter>
    </ClInclude>
    <ClInclude Include="GuiBuilder\CustomProperty.h">
      <Filter>Header Files</Filter>
    </ClInclude>
    <ClInclude Include="Styling.h">
      <Filter>Header Files</Filter>
    </ClInclude>
    <ClInclude Include="InternalNames.h">
      <Filter>Header Files</Filter>
    </ClInclude>
    <ClInclude Include="Views\Urho\UrhoGizmo.h">
      <Filter>Header Files</Filter>
    </ClInclude>
    <ClInclude Include="Commands\Urho\UrhoPropertyCmd.h">
      <Filter>Header Files</Filter>
    </ClInclude>
    <ClInclude Include="Commands\Urho\UrhoSceneCmds.h">
      <Filter>Header Files</Filter>
    </ClInclude>
    <ClInclude Include="Commands\SprueKit\SprueSceneCmds.h">
      <Filter>Header Files</Filter>
    </ClInclude>
    <ClInclude Include="ThirdParty\NodeEditor\qneblock.h">
      <Filter>Header Files</Filter>
    </ClInclude>
    <ClInclude Include="ThirdParty\NodeEditor\qneconnection.h">
      <Filter>Header Files</Filter>
    </ClInclude>
    <ClInclude Include="ThirdParty\NodeEditor\qneport.h">
      <Filter>Header Files</Filter>
    </ClInclude>
    <ClInclude Include="Commands\CommandID.h">
      <Filter>Header Files</Filter>
    </ClInclude>
    <ClInclude Include="Views\Controllers\OrbitController.h">
      <Filter>Header Files</Filter>
    </ClInclude>
    <ClInclude Include="Views\MultiGizmo.h">
      <Filter>Header Files</Filter>
    </ClInclude>
    <ClInclude Include="Views\Sprue\SprueGizmo.h">
      <Filter>Header Files</Filter>
    </ClInclude>
    <ClInclude Include="Views\Controllers\ControlPointPickerController.h">
      <Filter>Header Files</Filter>
    </ClInclude>
    <ClInclude Include="Views\Controllers\UrhoRaySelectController.h">
      <Filter>Header Files</Filter>
    </ClInclude>
    <ClInclude Include="Views\Sprue\DebugRenderer.h">
      <Filter>Header Files</Filter>
    </ClInclude>
    <ClInclude Include="Plugins\PluginManager.h">
      <Filter>Header Files</Filter>
    </ClInclude>
    <ClInclude Include="Views\ViewAnimation.h">
      <Filter>Header Files</Filter>
    </ClInclude>
    <ClInclude Include="Data\TexGenData.h">
      <Filter>Header Files</Filter>
    </ClInclude>
    <ClInclude Include="Data\SprueDataSources.h">
      <Filter>Header Files</Filter>
    </ClInclude>
    <ClInclude Include="Data\UrhoDataSources.h">
      <Filter>Header Files</Filter>
    </ClInclude>
    <ClInclude Include="CopyControl\Lease.h">
      <Filter>Header Files</Filter>
    </ClInclude>
    <ClInclude Include="Data\TimelineModelBase.h">
      <Filter>Header Files</Filter>
    </ClInclude>
    <ClInclude Include="Data\UrhoAnimatableTimelineModel.h">
      <Filter>Header Files</Filter>
    </ClInclude>
    <ClInclude Include="Views\Gizmo.h">
      <Filter>Header Files</Filter>
    </ClInclude>
    <ClInclude Include="Views\ofxManipulator.h">
      <Filter>Header Files</Filter>
    </ClInclude>
    <ClInclude Include="Plugins\PluginMeshData.h">
      <Filter>Header Files</Filter>
    </ClInclude>
    <ClInclude Include="GuiBuilder\UrhoSceneDocument.h">
      <Filter>Header Files</Filter>
    </ClInclude>
    <ClInclude Include="Views\Controllers\UVEditController.h">
      <Filter>Header Files</Filter>
    </ClInclude>
    <ClInclude Include="ThirdParty\TrueFramelessWindow\WinNativeWindow.h">
      <Filter>Header Files</Filter>
    </ClInclude>
    <ClInclude Include="Controls\Ribbon\QuickAccessToolbar.h">
      <Filter>Header Files</Filter>
    </ClInclude>
    <ClInclude Include="Controls\Ribbon\FrameControl.h">
      <Filter>Header Files</Filter>
    </ClInclude>
    <ClInclude Include="Controls\Ribbon\ApplicationMenu.h">
      <Filter>Header Files</Filter>
    </ClInclude>
    <ClInclude Include="Controls\Ribbon\RibbonLayout.h">
      <Filter>Header Files</Filter>
    </ClInclude>
    <ClInclude Include="GuiBuilder\Ribbons\CoreGUIRibbonBuilder.h">
      <Filter>Header Files</Filter>
    </ClInclude>
    <ClInclude Include="GuiBuilder\DocumentSearchResult.h">
      <Filter>Header Files</Filter>
    </ClInclude>
    <ClInclude Include="GuiBuilder\AppMenuPages\MainAppPages.h">
      <Filter>Header Files</Filter>
    </ClInclude>
    <ClInclude Include="Views\MultiViewController.h">
      <Filter>Header Files</Filter>
    </ClInclude>
    <ClInclude Include="GlobalAccess.h">
      <Filter>Header Files</Filter>
    </ClInclude>
    <ClInclude Include="Developer\TexGen\TextureNodeIconBuilder.h">
      <Filter>Header Files</Filter>
    </ClInclude>
    <ClInclude Include="Applications\TextureGraphApplication.h">
      <Filter>Header Files</Filter>
    </ClInclude>
    <ClInclude Include="Applications\SprueKitApplication.h">
      <Filter>Header Files</Filter>
    </ClInclude>
    <ClInclude Include="Applications\SeamFixApplication.h">
      <Filter>Header Files</Filter>
    </ClInclude>
    <ClInclude Include="Developer\Sprue\BVHConverter.h">
      <Filter>Header Files</Filter>
    </ClInclude>
    <ClInclude Include="Applications\UrhoEditorApplication.h">
      <Filter>Header Files</Filter>
    </ClInclude>
    <ClInclude Include="Developer\Sprue\BVHFileFormat.h">
      <Filter>Header Files</Filter>
    </ClInclude>
    <ClInclude Include="GuiBuilder\MeshBasedDocument.h">
      <Filter>Header Files</Filter>
    </ClInclude>
    <ClInclude Include="Controls\Properties\PropertyPageV2.h">
      <Filter>Header Files</Filter>
    </ClInclude>
    <ClInclude Include="Controls\Properties\PropertyEnumerator.h">
      <Filter>Header Files</Filter>
    </ClInclude>
    <ClInclude Include="Controls\Properties\PropertyEditorHandler.h">
      <Filter>Header Files</Filter>
    </ClInclude>
    <ClInclude Include="Controls\Properties\Sprue\SpruePropertyHandlerImpl.h">
      <Filter>Header Files</Filter>
    </ClInclude>
    <ClInclude Include="Controls\Properties\Urho\UrhoPropertyHandlerImpl.h">
      <Filter>Header Files</Filter>
    </ClInclude>
    <ClInclude Include="Documents\Sprue\SceneView.h">
      <Filter>Header Files</Filter>
    </ClInclude>
    <ClInclude Include="Documents\Sprue\UVMapView.h">
      <Filter>Header Files</Filter>
    </ClInclude>
    <ClInclude Include="Documents\TexGen\TexturePreviewView.h">
      <Filter>Header Files</Filter>
    </ClInclude>
    <ClInclude Include="Documents\TexGen\TextureCreateRibbonBuilder.h">
      <Filter>Header Files</Filter>
    </ClInclude>
    <ClInclude Include="Documents\TexGen\TextureGenerateRibbonBuilder.h">
      <Filter>Header Files</Filter>
    </ClInclude>
    <ClInclude Include="Documents\TexGen\TextureHomeRibbonBuilder.h">
      <Filter>Header Files</Filter>
    </ClInclude>
    <ClInclude Include="Documents\TexGen\TextureReportRibbonBuilder.h">
      <Filter>Header Files</Filter>
    </ClInclude>
    <ClInclude Include="Documents\TexGen\TexGenDockBuilder.h">
      <Filter>Header Files</Filter>
    </ClInclude>
    <ClInclude Include="Documents\TexGen\Tasks\BakerTask.h">
      <Filter>Header Files</Filter>
    </ClInclude>
    <ClInclude Include="Documents\TexGen\Tasks\TextureGenTask.h">
      <Filter>Header Files</Filter>
    </ClInclude>
    <ClInclude Include="Documents\TexGen\Tasks\TextureInspectorGenTask.h">
      <Filter>Header Files</Filter>
    </ClInclude>
    <ClInclude Include="Documents\Sprue\Tasks\CPUMeshingTask.h">
      <Filter>Header Files</Filter>
    </ClInclude>
    <ClInclude Include="Documents\Sprue\Tasks\MeshingTask.h">
      <Filter>Header Files</Filter>
    </ClInclude>
    <ClInclude Include="Documents\Sprue\Tasks\UVGenerationTask.h">
      <Filter>Header Files</Filter>
    </ClInclude>
    <ClInclude Include="Documents\Urho\BaseUrhoDocument.h">
      <Filter>Header Files</Filter>
    </ClInclude>
    <ClInclude Include="Documents\Urho\UrhoMaterialDocument.h">
      <Filter>Header Files</Filter>
    </ClInclude>
    <ClInclude Include="Documents\Urho\UrhoParticleEffectDocument.h">
      <Filter>Header Files</Filter>
    </ClInclude>
    <ClInclude Include="Documents\Urho\UrhoSceneDocument.h">
      <Filter>Header Files</Filter>
    </ClInclude>
    <ClInclude Include="Documents\Sculpt\SculptBrushController.h">
      <Filter>Header Files</Filter>
    </ClInclude>
    <ClInclude Include="Documents\Sculpt\SculptDocument.h">
      <Filter>Header Files</Filter>
    </ClInclude>
    <ClInclude Include="Documents\Sculpt\TriangleSelectController.h">
      <Filter>Header Files</Filter>
    </ClInclude>
    <ClInclude Include="Documents\Urho\UrhoDockBuilder.h">
      <Filter>Header Files</Filter>
    </ClInclude>
    <ClInclude Include="Documents\Urho\UrhoCreateRibbonBuilder.h">
      <Filter>Header Files</Filter>
    </ClInclude>
    <ClInclude Include="Documents\Urho\UrhoHomeRibbonBuilder.h">
      <Filter>Header Files</Filter>
    </ClInclude>
    <ClInclude Include="Documents\Sculpt\SculptView.h">
      <Filter>Header Files</Filter>
    </ClInclude>
    <ClInclude Include="GuiBuilder\DataSourceAction.h">
      <Filter>Header Files</Filter>
    </ClInclude>
    <ClInclude Include="Documents\Sculpt\SculptGUIBuilder.h">
      <Filter>Header Files</Filter>
    </ClInclude>
    <ClInclude Include="Documents\Urho\Controls\UrhoObjectSpawner.h">
      <Filter>Header Files</Filter>
    </ClInclude>
    <ClInclude Include="Documents\Urho\Controls\UrhoSelectionMask.h">
      <Filter>Header Files</Filter>
    </ClInclude>
    <ClInclude Include="Documents\Urho\Dialogs\UrhoCubemapRenderDlg.h">
      <Filter>Header Files</Filter>
    </ClInclude>
    <ClInclude Include="Documents\Urho\Dialogs\UrhoExportDlg.h">
      <Filter>Header Files</Filter>
    </ClInclude>
    <ClInclude Include="Documents\Urho\Dialogs\UrhoScriptDlg.h">
      <Filter>Header Files</Filter>
    </ClInclude>
    <ClInclude Include="Documents\Sprue\Dialogs\BoneRemappingDialog.h">
      <Filter>Header Files</Filter>
    </ClInclude>
    <ClInclude Include="Documents\Sprue\Dialogs\IEditablePathFixupItem.h">
      <Filter>Source Files</Filter>
    </ClInclude>
    <ClInclude Include="Documents\Urho\UrhoSceneView.h">
      <Filter>Header Files</Filter>
    </ClInclude>
    <ClInclude Include="Commands\SprueKit\IEditablePropertyCmd.h">
      <Filter>Header Files</Filter>
    </ClInclude>
    <ClInclude Include="Commands\SprueKit\GraphCmds.h">
      <Filter>Header Files</Filter>
    </ClInclude>
    <ClInclude Include="Commands\SprueKit\IEditableListCommand.h">
      <Filter>Header Files</Filter>
    </ClInclude>
    <ClInclude Include="Documents\Sprue\SprueExportDialog.h">
      <Filter>Header Files</Filter>
    </ClInclude>
    <ClInclude Include="Documents\Sprue\Tasks\SprueTexGenTask.h">
      <Filter>Header Files</Filter>
    </ClInclude>
    <ClInclude Include="Documents\Sprue\Tasks\BoneWeightTask.h">
      <Filter>Header Files</Filter>
    </ClInclude>
    <ClInclude Include="Documents\Sprue\AnimationDocument.h">
      <Filter>Header Files</Filter>
    </ClInclude>
    <ClInclude Include="Documents\Sprue\Builders\SprueAssetsRibbonBuilder.h">
      <Filter>Header Files</Filter>
    </ClInclude>
    <ClInclude Include="Documents\Sprue\Builders\SprueCreateRibbonBuilder.h">
      <Filter>Header Files</Filter>
    </ClInclude>
    <ClInclude Include="Documents\Sprue\Builders\SprueDockBuilder.h">
      <Filter>Header Files</Filter>
    </ClInclude>
    <ClInclude Include="Documents\Sprue\Builders\SprueHomeRibbonBuilder.h">
      <Filter>Header Files</Filter>
    </ClInclude>
    <ClInclude Include="Documents\SprueCommon\PermutationWidget.h">
      <Filter>Header Files</Filter>
    </ClInclude>
    <ClInclude Include="Documents\Sprue\AnimationView.h">
      <Filter>Header Files</Filter>
    </ClInclude>
    <ClInclude Include="Dialogs\LaunchDialog.h">
      <Filter>Header Files</Filter>
    </ClInclude>
    <ClInclude Include="Dialogs\SaveImageDialog.h">
      <Filter>Header Files</Filter>
    </ClInclude>
    <ClInclude Include="Views\Handles\Handle.h">
      <Filter>Header Files</Filter>
    </ClInclude>
    <ClInclude Include="Views\Handles\HandleSystem.h">
      <Filter>Header Files</Filter>
    </ClInclude>
    <ClInclude Include="Graphics\GL3.h">
      <Filter>Header Files</Filter>
    </ClInclude>
    <ClInclude Include="Graphics\VertexAttribute.h">
      <Filter>Header Files</Filter>
    </ClInclude>
    <ClInclude Include="Graphics\VertexAttributes.h">
      <Filter>Header Files</Filter>
    </ClInclude>
    <ClInclude Include="Graphics\VertexBuffer.h">
      <Filter>Header Files</Filter>
    </ClInclude>
    <ClInclude Include="Graphics\IndexBuffer.h">
      <Filter>Header Files</Filter>
    </ClInclude>
    <ClInclude Include="Graphics\GPUObject.h">
      <Filter>Header Files</Filter>
    </ClInclude>
    <ClInclude Include="Graphics\utOpenGL.h">
      <Filter>Header Files</Filter>
    </ClInclude>
    <ClInclude Include="Graphics\ShaderProgram.h">
      <Filter>Header Files</Filter>
    </ClInclude>
    <ClInclude Include="Graphics\Mesh.h">
      <Filter>Header Files</Filter>
    </ClInclude>
    <ClInclude Include="Graphics\Texture.h">
      <Filter>Header Files</Filter>
    </ClInclude>
    <ClInclude Include="Graphics\Util\DecalBatch.h">
      <Filter>Header Files</Filter>
    </ClInclude>
    <ClInclude Include="Graphics\Util\SpriteBatch.h">
      <Filter>Header Files</Filter>
    </ClInclude>
    <ClInclude Include="Graphics\Util\ImmediateModeRenderer.h">
      <Filter>Header Files</Filter>
    </ClInclude>
    <ClInclude Include="Graphics\Util\TextureRegion.h">
      <Filter>Header Files</Filter>
    </ClInclude>
    <ClInclude Include="Graphics\Ops\MipmapGenerator.h">
      <Filter>Header Files</Filter>
    </ClInclude>
    <ClInclude Include="Graphics\Util\BitmapFont.h">
      <Filter>Header Files</Filter>
    </ClInclude>
    <ClInclude Include="Graphics\Framebuffer.h">
      <Filter>Header Files</Filter>
    </ClInclude>
    <ClInclude Include="Graphics\Camera.h">
      <Filter>Header Files</Filter>
    </ClInclude>
    <ClInclude Include="Graphics\Util\Light.h">
      <Filter>Header Files</Filter>
    </ClInclude>
    <ClInclude Include="Graphics\Util\DebugDrawer.h">
      <Filter>Header Files</Filter>
    </ClInclude>
    <ClInclude Include="Documents\Urho\Controls\UrhoProfilerView.h">
      <Filter>Header Files</Filter>
    </ClInclude>
    <ClInclude Include="Documents\Urho\Controls\UrhoResourceCache.h">
      <Filter>Header Files</Filter>
    </ClInclude>
    <ClInclude Include="Views\Handles\Manipulator.h">
      <Filter>Header Files</Filter>
    </ClInclude>
    <ClInclude Include="Controls\SplashScreen.h">
      <Filter>Header Files</Filter>
    </ClInclude>
  </ItemGroup>
  <ItemGroup>
    <None Include="Practices.md" />
    <None Include="style_ue4.qss" />
  </ItemGroup>
  <ItemGroup>
    <Text Include="License.txt" />
  </ItemGroup>
</Project>